
Microsoft Visual Studio Solution File, Format Version 12.00
# Visual Studio Version 17
VisualStudioVersion = 17.3.32901.215
MinimumVisualStudioVersion = 10.0.40219.1
Project("{FAE04EC0-301F-11D3-BF4B-00C04F79EFBC}") = "3 yazılı ortalama", "3 yazılı ortalama\3 yazılı ortalama.csproj", "{49D4E809-5AF4-492D-8A72-A95738CB862C}"
EndProject
Global
	GlobalSection(SolutionConfigurationPlatforms) = preSolution
		Debug|Any CPU = Debug|Any CPU
		Release|Any CPU = Release|Any CPU
	EndGlobalSection
	GlobalSection(ProjectConfigurationPlatforms) = postSolution
		{49D4E809-5AF4-492D-8A72-A95738CB862C}.Debug|Any CPU.ActiveCfg = Debug|Any CPU
		{49D4E809-5AF4-492D-8A72-A95738CB862C}.Debug|Any CPU.Build.0 = Debug|Any CPU
		{49D4E809-5AF4-492D-8A72-A95738CB862C}.Release|Any CPU.ActiveCfg = Release|Any CPU
		{49D4E809-5AF4-492D-8A72-A95738CB862C}.Release|Any CPU.Build.0 = Release|Any CPU
	EndGlobalSection
	GlobalSection(SolutionProperties) = preSolution
		HideSolutionNode = FALSE
	EndGlobalSection
	GlobalSection(ExtensibilityGlobals) = postSolution
		SolutionGuid = {D7B503E6-21DF-4D6E-B227-8655FEDD48F9}
	EndGlobalSection
EndGlobal
